
Microsoft Visual Studio Solution File, Format Version 12.00
# Visual Studio Version 16
VisualStudioVersion = 16.0.30711.63
MinimumVisualStudioVersion = 10.0.40219.1
Project("{9A19103F-16F7-4668-BE54-9A1E7A4F7556}") = "ParkyApi", "ParkyApi\ParkyApi.csproj", "{DFB47FD7-CB52-4EF8-96B0-33D0E9CC6F4D}"
EndProject
Project("{FAE04EC0-301F-11D3-BF4B-00C04F79EFBC}") = "ParkyWeb", "ParkyWeb\ParkyWeb.csproj", "{DBB5E38A-4CCA-425B-89C2-2CF3D64709FF}"
EndProject
Global
	GlobalSection(SolutionConfigurationPlatforms) = preSolution
		Debug|Any CPU = Debug|Any CPU
		Release|Any CPU = Release|Any CPU
	EndGlobalSection
	GlobalSection(ProjectConfigurationPlatforms) = postSolution
		{DFB47FD7-CB52-4EF8-96B0-33D0E9CC6F4D}.Debug|Any CPU.ActiveCfg = Debug|Any CPU
		{DFB47FD7-CB52-4EF8-96B0-33D0E9CC6F4D}.Debug|Any CPU.Build.0 = Debug|Any CPU
		{DFB47FD7-CB52-4EF8-96B0-33D0E9CC6F4D}.Release|Any CPU.ActiveCfg = Release|Any CPU
		{DFB47FD7-CB52-4EF8-96B0-33D0E9CC6F4D}.Release|Any CPU.Build.0 = Release|Any CPU
		{DBB5E38A-4CCA-425B-89C2-2CF3D64709FF}.Debug|Any CPU.ActiveCfg = Debug|Any CPU
		{DBB5E38A-4CCA-425B-89C2-2CF3D64709FF}.Debug|Any CPU.Build.0 = Debug|Any CPU
		{DBB5E38A-4CCA-425B-89C2-2CF3D64709FF}.Release|Any CPU.ActiveCfg = Release|Any CPU
		{DBB5E38A-4CCA-425B-89C2-2CF3D64709FF}.Release|Any CPU.Build.0 = Release|Any CPU
	EndGlobalSection
	GlobalSection(SolutionProperties) = preSolution
		HideSolutionNode = FALSE
	EndGlobalSection
	GlobalSection(ExtensibilityGlobals) = postSolution
		SolutionGuid = {9ADCF9D4-336A-44C3-A2D9-6530085AA232}
	EndGlobalSection
EndGlobal
